
Microsoft Visual Studio Solution File, Format Version 12.00
# Visual Studio 2012
Project("{FAE04EC0-301F-11D3-BF4B-00C04F79EFBC}") = "HappyParty", "HappyParty\HappyParty.csproj", "{8FC1A3C9-0A94-40BB-BCB8-7D0E7CFB6C1C}"
EndProject
Project("{FAE04EC0-301F-11D3-BF4B-00C04F79EFBC}") = "HappyParty.UITests", "HappyParty.UITests\HappyParty.UITests.csproj", "{C2C7C866-1AC3-48D9-B638-503D18FFDEF3}"
EndProject
Global
	GlobalSection(SolutionConfigurationPlatforms) = preSolution
		Debug|Any CPU = Debug|Any CPU
		Release|Any CPU = Release|Any CPU
	EndGlobalSection
	GlobalSection(ProjectConfigurationPlatforms) = postSolution
		{8FC1A3C9-0A94-40BB-BCB8-7D0E7CFB6C1C}.Debug|Any CPU.ActiveCfg = Debug|Any CPU
		{8FC1A3C9-0A94-40BB-BCB8-7D0E7CFB6C1C}.Debug|Any CPU.Build.0 = Debug|Any CPU
		{8FC1A3C9-0A94-40BB-BCB8-7D0E7CFB6C1C}.Release|Any CPU.ActiveCfg = Release|Any CPU
		{8FC1A3C9-0A94-40BB-BCB8-7D0E7CFB6C1C}.Release|Any CPU.Build.0 = Release|Any CPU
		{C2C7C866-1AC3-48D9-B638-503D18FFDEF3}.Debug|Any CPU.ActiveCfg = Debug|Any CPU
		{C2C7C866-1AC3-48D9-B638-503D18FFDEF3}.Debug|Any CPU.Build.0 = Debug|Any CPU
		{C2C7C866-1AC3-48D9-B638-503D18FFDEF3}.Release|Any CPU.ActiveCfg = Release|Any CPU
		{C2C7C866-1AC3-48D9-B638-503D18FFDEF3}.Release|Any CPU.Build.0 = Release|Any CPU
	EndGlobalSection
EndGlobal
